
Microsoft Visual Studio Solution File, Format Version 12.00
# Visual Studio Version 17
VisualStudioVersion = 17.5.002.0
MinimumVisualStudioVersion = 10.0.40219.1
Project("{9A19103F-16F7-4668-BE54-9A1E7A4F7556}") = "renovate-config.tests", "tests\renovate-config.tests.csproj", "{19C565C6-D96C-4916-87B7-DA0B611834F1}"
EndProject
Global
	GlobalSection(SolutionConfigurationPlatforms) = preSolution
		Debug|Any CPU = Debug|Any CPU
		Release|Any CPU = Release|Any CPU
	EndGlobalSection
	GlobalSection(ProjectConfigurationPlatforms) = postSolution
		{19C565C6-D96C-4916-87B7-DA0B611834F1}.Debug|Any CPU.ActiveCfg = Debug|Any CPU
		{19C565C6-D96C-4916-87B7-DA0B611834F1}.Debug|Any CPU.Build.0 = Debug|Any CPU
		{19C565C6-D96C-4916-87B7-DA0B611834F1}.Release|Any CPU.ActiveCfg = Release|Any CPU
		{19C565C6-D96C-4916-87B7-DA0B611834F1}.Release|Any CPU.Build.0 = Release|Any CPU
	EndGlobalSection
	GlobalSection(SolutionProperties) = preSolution
		HideSolutionNode = FALSE
	EndGlobalSection
	GlobalSection(ExtensibilityGlobals) = postSolution
		SolutionGuid = {0FA3F2C3-B5BC-4569-A89E-1D2E7422DE8A}
	EndGlobalSection
EndGlobal
